
Microsoft Visual Studio Solution File, Format Version 11.00
# Visual Studio 2010
Project("{FAE04EC0-301F-11D3-BF4B-00C04F79EFBC}") = "Assembly-CSharp", "Assembly-CSharp.csproj", "{849d5ed5-4655-3ecc-a671-37d5a989799d}"
EndProject
Project("{FAE04EC0-301F-11D3-BF4B-00C04F79EFBC}") = "Assembly-CSharp", "Assembly-CSharp.Player.csproj", "{f1e88062-76be-fec9-8e78-dd4c07d79483}"
EndProject
Project("{FAE04EC0-301F-11D3-BF4B-00C04F79EFBC}") = "Assembly-CSharp-Editor", "Assembly-CSharp-Editor.csproj", "{caca6cdc-f403-2ff0-112e-9a419227d9c3}"
EndProject
Global
	GlobalSection(SolutionConfigurationPlatforms) = preSolution
		Debug|Any CPU = Debug|Any CPU
	EndGlobalSection
	GlobalSection(ProjectConfigurationPlatforms) = postSolution
		{849d5ed5-4655-3ecc-a671-37d5a989799d}.Debug|Any CPU.ActiveCfg = Debug|Any CPU
		{849d5ed5-4655-3ecc-a671-37d5a989799d}.Debug|Any CPU.Build.0 = Debug|Any CPU
		{f1e88062-76be-fec9-8e78-dd4c07d79483}.Debug|Any CPU.ActiveCfg = Debug|Any CPU
		{f1e88062-76be-fec9-8e78-dd4c07d79483}.Debug|Any CPU.Build.0 = Debug|Any CPU
		{caca6cdc-f403-2ff0-112e-9a419227d9c3}.Debug|Any CPU.ActiveCfg = Debug|Any CPU
		{caca6cdc-f403-2ff0-112e-9a419227d9c3}.Debug|Any CPU.Build.0 = Debug|Any CPU
	EndGlobalSection
	GlobalSection(SolutionProperties) = preSolution
		HideSolutionNode = FALSE
	EndGlobalSection
EndGlobal
